
Microsoft Visual Studio Solution File, Format Version 12.00
# Visual Studio 15
VisualStudioVersion = 15.0.28307.1705
MinimumVisualStudioVersion = 10.0.40219.1
Project("{8BC9CEB8-8B4A-11D0-8D11-00A0C91BC942}") = "LABA_6", "LABA_6\LABA_6.vcxproj", "{AD16433B-4632-43CD-8A8C-A8900D4D9257}"
EndProject
Global
	GlobalSection(SolutionConfigurationPlatforms) = preSolution
		Debug|x64 = Debug|x64
		Debug|x86 = Debug|x86
		Release|x64 = Release|x64
		Release|x86 = Release|x86
	EndGlobalSection
	GlobalSection(ProjectConfigurationPlatforms) = postSolution
		{AD16433B-4632-43CD-8A8C-A8900D4D9257}.Debug|x64.ActiveCfg = Debug|x64
		{AD16433B-4632-43CD-8A8C-A8900D4D9257}.Debug|x64.Build.0 = Debug|x64
		{AD16433B-4632-43CD-8A8C-A8900D4D9257}.Debug|x86.ActiveCfg = Debug|Win32
		{AD16433B-4632-43CD-8A8C-A8900D4D9257}.Debug|x86.Build.0 = Debug|Win32
		{AD16433B-4632-43CD-8A8C-A8900D4D9257}.Release|x64.ActiveCfg = Release|x64
		{AD16433B-4632-43CD-8A8C-A8900D4D9257}.Release|x64.Build.0 = Release|x64
		{AD16433B-4632-43CD-8A8C-A8900D4D9257}.Release|x86.ActiveCfg = Release|Win32
		{AD16433B-4632-43CD-8A8C-A8900D4D9257}.Release|x86.Build.0 = Release|Win32
	EndGlobalSection
	GlobalSection(SolutionProperties) = preSolution
		HideSolutionNode = FALSE
	EndGlobalSection
	GlobalSection(ExtensibilityGlobals) = postSolution
		SolutionGuid = {CECC0A83-50D8-4626-9CC6-0307B2F76F57}
	EndGlobalSection
EndGlobal
