
Microsoft Visual Studio Solution File, Format Version 12.00
# Visual Studio 15
VisualStudioVersion = 15.0.28307.1738
MinimumVisualStudioVersion = 10.0.40219.1
Project("{8BC9CEB8-8B4A-11D0-8D11-00A0C91BC942}") = "LABA6", "LABA6\LABA6.vcxproj", "{B32E5242-D194-4E1F-B427-93F6D4972E29}"
EndProject
Global
	GlobalSection(SolutionConfigurationPlatforms) = preSolution
		Debug|x64 = Debug|x64
		Debug|x86 = Debug|x86
		Release|x64 = Release|x64
		Release|x86 = Release|x86
	EndGlobalSection
	GlobalSection(ProjectConfigurationPlatforms) = postSolution
		{B32E5242-D194-4E1F-B427-93F6D4972E29}.Debug|x64.ActiveCfg = Debug|x64
		{B32E5242-D194-4E1F-B427-93F6D4972E29}.Debug|x64.Build.0 = Debug|x64
		{B32E5242-D194-4E1F-B427-93F6D4972E29}.Debug|x86.ActiveCfg = Debug|Win32
		{B32E5242-D194-4E1F-B427-93F6D4972E29}.Debug|x86.Build.0 = Debug|Win32
		{B32E5242-D194-4E1F-B427-93F6D4972E29}.Release|x64.ActiveCfg = Release|x64
		{B32E5242-D194-4E1F-B427-93F6D4972E29}.Release|x64.Build.0 = Release|x64
		{B32E5242-D194-4E1F-B427-93F6D4972E29}.Release|x86.ActiveCfg = Release|Win32
		{B32E5242-D194-4E1F-B427-93F6D4972E29}.Release|x86.Build.0 = Release|Win32
	EndGlobalSection
	GlobalSection(SolutionProperties) = preSolution
		HideSolutionNode = FALSE
	EndGlobalSection
	GlobalSection(ExtensibilityGlobals) = postSolution
		SolutionGuid = {8B0B5AD7-C1A3-40DE-853D-ED691F5F81E8}
	EndGlobalSection
EndGlobal
