
Microsoft Visual Studio Solution File, Format Version 12.00
# Visual Studio 15
VisualStudioVersion = 15.0.28307.1738
MinimumVisualStudioVersion = 10.0.40219.1
Project("{8BC9CEB8-8B4A-11D0-8D11-00A0C91BC942}") = "allovt", "allovt\allovt.vcxproj", "{42509000-FAC8-425F-90FF-0A6F51081508}"
EndProject
Global
	GlobalSection(SolutionConfigurationPlatforms) = preSolution
		Debug|x64 = Debug|x64
		Debug|x86 = Debug|x86
		Release|x64 = Release|x64
		Release|x86 = Release|x86
	EndGlobalSection
	GlobalSection(ProjectConfigurationPlatforms) = postSolution
		{42509000-FAC8-425F-90FF-0A6F51081508}.Debug|x64.ActiveCfg = Debug|x64
		{42509000-FAC8-425F-90FF-0A6F51081508}.Debug|x64.Build.0 = Debug|x64
		{42509000-FAC8-425F-90FF-0A6F51081508}.Debug|x86.ActiveCfg = Debug|Win32
		{42509000-FAC8-425F-90FF-0A6F51081508}.Debug|x86.Build.0 = Debug|Win32
		{42509000-FAC8-425F-90FF-0A6F51081508}.Release|x64.ActiveCfg = Release|x64
		{42509000-FAC8-425F-90FF-0A6F51081508}.Release|x64.Build.0 = Release|x64
		{42509000-FAC8-425F-90FF-0A6F51081508}.Release|x86.ActiveCfg = Release|Win32
		{42509000-FAC8-425F-90FF-0A6F51081508}.Release|x86.Build.0 = Release|Win32
	EndGlobalSection
	GlobalSection(SolutionProperties) = preSolution
		HideSolutionNode = FALSE
	EndGlobalSection
	GlobalSection(ExtensibilityGlobals) = postSolution
		SolutionGuid = {BCFF9085-C893-4562-B753-12397107C45A}
	EndGlobalSection
EndGlobal
